
Microsoft Visual Studio Solution File, Format Version 12.00
# Visual Studio Version 17
VisualStudioVersion = 17.5.002.0
MinimumVisualStudioVersion = 10.0.40219.1
Project("{9A19103F-16F7-4668-BE54-9A1E7A4F7556}") = "School", "School\School.csproj", "{8B330836-4991-40E2-8E07-5D0B9A20BFED}"
EndProject
Global
	GlobalSection(SolutionConfigurationPlatforms) = preSolution
		Debug|Any CPU = Debug|Any CPU
		Release|Any CPU = Release|Any CPU
	EndGlobalSection
	GlobalSection(ProjectConfigurationPlatforms) = postSolution
		{8B330836-4991-40E2-8E07-5D0B9A20BFED}.Debug|Any CPU.ActiveCfg = Debug|Any CPU
		{8B330836-4991-40E2-8E07-5D0B9A20BFED}.Debug|Any CPU.Build.0 = Debug|Any CPU
		{8B330836-4991-40E2-8E07-5D0B9A20BFED}.Debug|Any CPU.Deploy.0 = Debug|Any CPU
		{8B330836-4991-40E2-8E07-5D0B9A20BFED}.Release|Any CPU.ActiveCfg = Release|Any CPU
		{8B330836-4991-40E2-8E07-5D0B9A20BFED}.Release|Any CPU.Build.0 = Release|Any CPU
	EndGlobalSection
	GlobalSection(SolutionProperties) = preSolution
		HideSolutionNode = FALSE
	EndGlobalSection
	GlobalSection(ExtensibilityGlobals) = postSolution
		SolutionGuid = {F8D27C48-2513-45EC-921C-1BAEF1922476}
	EndGlobalSection
EndGlobal
